
Microsoft Visual Studio Solution File, Format Version 12.00
# Visual Studio Version 17
VisualStudioVersion = 17.13.35919.96 d17.13
MinimumVisualStudioVersion = 10.0.40219.1
Project("{FAE04EC0-301F-11D3-BF4B-00C04F79EFBC}") = "Scrutor-Decoration", "Scrutor-Decoration\Scrutor-Decoration.csproj", "{67A8140B-A896-4E48-A6D1-128F0A776DBD}"
EndProject
Global
	GlobalSection(SolutionConfigurationPlatforms) = preSolution
		Debug|Any CPU = Debug|Any CPU
		Release|Any CPU = Release|Any CPU
	EndGlobalSection
	GlobalSection(ProjectConfigurationPlatforms) = postSolution
		{67A8140B-A896-4E48-A6D1-128F0A776DBD}.Debug|Any CPU.ActiveCfg = Debug|Any CPU
		{67A8140B-A896-4E48-A6D1-128F0A776DBD}.Debug|Any CPU.Build.0 = Debug|Any CPU
		{67A8140B-A896-4E48-A6D1-128F0A776DBD}.Release|Any CPU.ActiveCfg = Release|Any CPU
		{67A8140B-A896-4E48-A6D1-128F0A776DBD}.Release|Any CPU.Build.0 = Release|Any CPU
	EndGlobalSection
	GlobalSection(SolutionProperties) = preSolution
		HideSolutionNode = FALSE
	EndGlobalSection
	GlobalSection(ExtensibilityGlobals) = postSolution
		SolutionGuid = {3C5C88BD-A45F-4D38-A923-520B7A349909}
	EndGlobalSection
EndGlobal
